
Microsoft Visual Studio Solution File, Format Version 12.00
# Visual Studio 2010
Project("{FAE04EC0-301F-11D3-BF4B-00C04F79EFBC}") = "SettlerSim", "SettlerSim\SettlerSim.csproj", "{8032AFCA-507B-467C-9687-5360E9B446CF}"
	ProjectSection(ProjectDependencies) = postProject
		{9565BAE9-D9C2-4147-B2ED-B56240F1AD9A} = {9565BAE9-D9C2-4147-B2ED-B56240F1AD9A}
	EndProjectSection
EndProject
Project("{FAE04EC0-301F-11D3-BF4B-00C04F79EFBC}") = "SettlerSimLib", "SettlerSimLib\SettlerSimLib.csproj", "{8D8BEE21-009B-4A25-B20A-3784434A87A1}"
EndProject
Project("{FAE04EC0-301F-11D3-BF4B-00C04F79EFBC}") = "SettlerSimAPI", "SettlerSimAPI\SettlerSimAPI.csproj", "{9565BAE9-D9C2-4147-B2ED-B56240F1AD9A}"
	ProjectSection(ProjectDependencies) = postProject
		{8D8BEE21-009B-4A25-B20A-3784434A87A1} = {8D8BEE21-009B-4A25-B20A-3784434A87A1}
	EndProjectSection
EndProject
Project("{FAE04EC0-301F-11D3-BF4B-00C04F79EFBC}") = "SettlerAIApp", "SettlerAIApp\SettlerAIApp.csproj", "{96AF0C44-F7FD-44CD-9E54-9B1D3281AAEF}"
EndProject
Global
	GlobalSection(SolutionConfigurationPlatforms) = preSolution
		Debug|Any CPU = Debug|Any CPU
		Debug|Mixed Platforms = Debug|Mixed Platforms
		Debug|x86 = Debug|x86
		Release|Any CPU = Release|Any CPU
		Release|Mixed Platforms = Release|Mixed Platforms
		Release|x86 = Release|x86
	EndGlobalSection
	GlobalSection(ProjectConfigurationPlatforms) = postSolution
		{8032AFCA-507B-467C-9687-5360E9B446CF}.Debug|Any CPU.ActiveCfg = Debug|x86
		{8032AFCA-507B-467C-9687-5360E9B446CF}.Debug|Mixed Platforms.ActiveCfg = Debug|x86
		{8032AFCA-507B-467C-9687-5360E9B446CF}.Debug|Mixed Platforms.Build.0 = Debug|x86
		{8032AFCA-507B-467C-9687-5360E9B446CF}.Debug|x86.ActiveCfg = Debug|x86
		{8032AFCA-507B-467C-9687-5360E9B446CF}.Debug|x86.Build.0 = Debug|x86
		{8032AFCA-507B-467C-9687-5360E9B446CF}.Release|Any CPU.ActiveCfg = Release|x86
		{8032AFCA-507B-467C-9687-5360E9B446CF}.Release|Mixed Platforms.ActiveCfg = Release|x86
		{8032AFCA-507B-467C-9687-5360E9B446CF}.Release|Mixed Platforms.Build.0 = Release|x86
		{8032AFCA-507B-467C-9687-5360E9B446CF}.Release|x86.ActiveCfg = Release|x86
		{8032AFCA-507B-467C-9687-5360E9B446CF}.Release|x86.Build.0 = Release|x86
		{8D8BEE21-009B-4A25-B20A-3784434A87A1}.Debug|Any CPU.ActiveCfg = Debug|Any CPU
		{8D8BEE21-009B-4A25-B20A-3784434A87A1}.Debug|Any CPU.Build.0 = Debug|Any CPU
		{8D8BEE21-009B-4A25-B20A-3784434A87A1}.Debug|Mixed Platforms.ActiveCfg = Debug|Any CPU
		{8D8BEE21-009B-4A25-B20A-3784434A87A1}.Debug|Mixed Platforms.Build.0 = Debug|Any CPU
		{8D8BEE21-009B-4A25-B20A-3784434A87A1}.Debug|x86.ActiveCfg = Debug|Any CPU
		{8D8BEE21-009B-4A25-B20A-3784434A87A1}.Release|Any CPU.ActiveCfg = Release|Any CPU
		{8D8BEE21-009B-4A25-B20A-3784434A87A1}.Release|Any CPU.Build.0 = Release|Any CPU
		{8D8BEE21-009B-4A25-B20A-3784434A87A1}.Release|Mixed Platforms.ActiveCfg = Release|Any CPU
		{8D8BEE21-009B-4A25-B20A-3784434A87A1}.Release|Mixed Platforms.Build.0 = Release|Any CPU
		{8D8BEE21-009B-4A25-B20A-3784434A87A1}.Release|x86.ActiveCfg = Release|Any CPU
		{9565BAE9-D9C2-4147-B2ED-B56240F1AD9A}.Debug|Any CPU.ActiveCfg = Debug|Any CPU
		{9565BAE9-D9C2-4147-B2ED-B56240F1AD9A}.Debug|Any CPU.Build.0 = Debug|Any CPU
		{9565BAE9-D9C2-4147-B2ED-B56240F1AD9A}.Debug|Mixed Platforms.ActiveCfg = Debug|Any CPU
		{9565BAE9-D9C2-4147-B2ED-B56240F1AD9A}.Debug|Mixed Platforms.Build.0 = Debug|Any CPU
		{9565BAE9-D9C2-4147-B2ED-B56240F1AD9A}.Debug|x86.ActiveCfg = Debug|Any CPU
		{9565BAE9-D9C2-4147-B2ED-B56240F1AD9A}.Release|Any CPU.ActiveCfg = Release|Any CPU
		{9565BAE9-D9C2-4147-B2ED-B56240F1AD9A}.Release|Any CPU.Build.0 = Release|Any CPU
		{9565BAE9-D9C2-4147-B2ED-B56240F1AD9A}.Release|Mixed Platforms.ActiveCfg = Release|Any CPU
		{9565BAE9-D9C2-4147-B2ED-B56240F1AD9A}.Release|Mixed Platforms.Build.0 = Release|Any CPU
		{9565BAE9-D9C2-4147-B2ED-B56240F1AD9A}.Release|x86.ActiveCfg = Release|Any CPU
		{96AF0C44-F7FD-44CD-9E54-9B1D3281AAEF}.Debug|Any CPU.ActiveCfg = Debug|x86
		{96AF0C44-F7FD-44CD-9E54-9B1D3281AAEF}.Debug|Mixed Platforms.ActiveCfg = Debug|x86
		{96AF0C44-F7FD-44CD-9E54-9B1D3281AAEF}.Debug|Mixed Platforms.Build.0 = Debug|x86
		{96AF0C44-F7FD-44CD-9E54-9B1D3281AAEF}.Debug|x86.ActiveCfg = Debug|x86
		{96AF0C44-F7FD-44CD-9E54-9B1D3281AAEF}.Debug|x86.Build.0 = Debug|x86
		{96AF0C44-F7FD-44CD-9E54-9B1D3281AAEF}.Release|Any CPU.ActiveCfg = Release|x86
		{96AF0C44-F7FD-44CD-9E54-9B1D3281AAEF}.Release|Mixed Platforms.ActiveCfg = Release|x86
		{96AF0C44-F7FD-44CD-9E54-9B1D3281AAEF}.Release|Mixed Platforms.Build.0 = Release|x86
		{96AF0C44-F7FD-44CD-9E54-9B1D3281AAEF}.Release|x86.ActiveCfg = Release|x86
		{96AF0C44-F7FD-44CD-9E54-9B1D3281AAEF}.Release|x86.Build.0 = Release|x86
	EndGlobalSection
	GlobalSection(SolutionProperties) = preSolution
		HideSolutionNode = FALSE
	EndGlobalSection
EndGlobal
